
Microsoft Visual Studio Solution File, Format Version 12.00
# Visual Studio Version 17
VisualStudioVersion = 17.4.33403.182
MinimumVisualStudioVersion = 10.0.40219.1
Project("{FAE04EC0-301F-11D3-BF4B-00C04F79EFBC}") = "ExamenRecuperacionJDPC4A", "ExamenRecuperacionJDPC4A\ExamenRecuperacionJDPC4A.csproj", "{AFEF9232-D03C-4FC5-90A8-3E539086E280}"
EndProject
Global
	GlobalSection(SolutionConfigurationPlatforms) = preSolution
		Debug|Any CPU = Debug|Any CPU
		Release|Any CPU = Release|Any CPU
	EndGlobalSection
	GlobalSection(ProjectConfigurationPlatforms) = postSolution
		{AFEF9232-D03C-4FC5-90A8-3E539086E280}.Debug|Any CPU.ActiveCfg = Debug|Any CPU
		{AFEF9232-D03C-4FC5-90A8-3E539086E280}.Debug|Any CPU.Build.0 = Debug|Any CPU
		{AFEF9232-D03C-4FC5-90A8-3E539086E280}.Release|Any CPU.ActiveCfg = Release|Any CPU
		{AFEF9232-D03C-4FC5-90A8-3E539086E280}.Release|Any CPU.Build.0 = Release|Any CPU
	EndGlobalSection
	GlobalSection(SolutionProperties) = preSolution
		HideSolutionNode = FALSE
	EndGlobalSection
	GlobalSection(ExtensibilityGlobals) = postSolution
		SolutionGuid = {1D4B8638-1796-434C-A972-74B984EBE4B1}
	EndGlobalSection
EndGlobal
